
Microsoft Visual Studio Solution File, Format Version 12.00
# Visual Studio Version 17
VisualStudioVersion = 17.0.31903.59
MinimumVisualStudioVersion = 10.0.40219.1
Project("{2150E333-8FDC-42A3-9474-1A3956D46DE8}") = "src", "src", "{827E0CD3-B72D-47B6-A68D-7590B98EB39B}"
EndProject
Project("{2150E333-8FDC-42A3-9474-1A3956D46DE8}") = "Project_magazine", "Project_magazine", "{A720A826-C3BD-B359-CB79-346E7B34B3F2}"
EndProject
Project("{2150E333-8FDC-42A3-9474-1A3956D46DE8}") = "API_bacup_server", "API_bacup_server", "{0D8D46F1-1133-C371-1970-8173E9CEF544}"
EndProject
Project("{FAE04EC0-301F-11D3-BF4B-00C04F79EFBC}") = "API_bacup_server", "src\Project_magazine\API_bacup_server\API_bacup_server\API_bacup_server.csproj", "{F0E3E328-A7EE-4469-AFE0-0CEE96644AAB}"
EndProject
Project("{2150E333-8FDC-42A3-9474-1A3956D46DE8}") = "API_Tranzit_Interface", "API_Tranzit_Interface", "{6D5F53C7-A68D-E5B2-9430-6EE5DA66C500}"
EndProject
Project("{FAE04EC0-301F-11D3-BF4B-00C04F79EFBC}") = "API_Tranzit_Interface", "src\Project_magazine\API_Tranzit_Interface\API_Tranzit_Interface\API_Tranzit_Interface.csproj", "{6059F0BB-2107-40A4-AE0D-4D88A9EA99AE}"
EndProject
Project("{FAE04EC0-301F-11D3-BF4B-00C04F79EFBC}") = "MyClassLibrary", "src\Project_magazine\API_Tranzit_Interface\MyClassLibrary\MyClassLibrary.csproj", "{A2769D3A-B6B7-4E1A-BE1A-22346BC47F36}"
EndProject
Project("{2150E333-8FDC-42A3-9474-1A3956D46DE8}") = "Base_Project", "Base_Project", "{CFAF8EB2-1F64-5A2C-C695-D784EC7C28F0}"
EndProject
Project("{FAE04EC0-301F-11D3-BF4B-00C04F79EFBC}") = "Base_Project", "src\Project_magazine\Base_Project\Base_Project\Base_Project.csproj", "{0A97CC89-A66C-46B1-A026-D68DF7D2425C}"
EndProject
Project("{2150E333-8FDC-42A3-9474-1A3956D46DE8}") = "Cart_Tranzit_API", "Cart_Tranzit_API", "{9EB79D38-8C33-62F4-1F98-11B2E8DA114B}"
EndProject
Project("{FAE04EC0-301F-11D3-BF4B-00C04F79EFBC}") = "Cart_Tranzit_API", "src\Project_magazine\Cart_Tranzit_API\Cart_Tranzit_API\Cart_Tranzit_API.csproj", "{337D90D3-9CC1-4222-8580-99EB3FDAF28F}"
EndProject
Project("{2150E333-8FDC-42A3-9474-1A3956D46DE8}") = "Libraries", "Libraries", "{71BC23A4-EB26-687A-8298-96781B304D7F}"
EndProject
Project("{FAE04EC0-301F-11D3-BF4B-00C04F79EFBC}") = "CounterLibrary", "src\Project_magazine\Libraries\CounterLibrary\CounterLibrary.csproj", "{B7AFBDB4-7F1A-4EB4-B80C-865C10557E44}"
EndProject
Project("{FAE04EC0-301F-11D3-BF4B-00C04F79EFBC}") = "MyLibrary", "src\Project_magazine\Libraries\MyLibrary\MyLibrary.csproj", "{F3B89AF6-2F3B-43D1-9EF0-F0017F788955}"
EndProject
Project("{FAE04EC0-301F-11D3-BF4B-00C04F79EFBC}") = "SalesClassLibrary", "src\Project_magazine\Libraries\SalesClassLibrary\SalesClassLibrary.csproj", "{EDF5AAB5-707D-481C-8C32-A4BCBF56D369}"
EndProject
Project("{2150E333-8FDC-42A3-9474-1A3956D46DE8}") = "temporary_Console_UI", "temporary_Console_UI", "{862FED52-8BDB-50BC-2698-5ECF47AD0248}"
EndProject
Project("{FAE04EC0-301F-11D3-BF4B-00C04F79EFBC}") = "temporary_Console_UI", "src\Project_magazine\temporary_Console_UI\temporary_Console_UI\temporary_Console_UI.csproj", "{74E1DF0F-1CF7-462F-97AB-E05FDFF1869F}"
EndProject
Global
	GlobalSection(SolutionConfigurationPlatforms) = preSolution
		Debug|Any CPU = Debug|Any CPU
		Debug|x64 = Debug|x64
		Debug|x86 = Debug|x86
		Release|Any CPU = Release|Any CPU
		Release|x64 = Release|x64
		Release|x86 = Release|x86
	EndGlobalSection
	GlobalSection(ProjectConfigurationPlatforms) = postSolution
		{F0E3E328-A7EE-4469-AFE0-0CEE96644AAB}.Debug|Any CPU.ActiveCfg = Debug|Any CPU
		{F0E3E328-A7EE-4469-AFE0-0CEE96644AAB}.Debug|Any CPU.Build.0 = Debug|Any CPU
		{F0E3E328-A7EE-4469-AFE0-0CEE96644AAB}.Debug|x64.ActiveCfg = Debug|Any CPU
		{F0E3E328-A7EE-4469-AFE0-0CEE96644AAB}.Debug|x64.Build.0 = Debug|Any CPU
		{F0E3E328-A7EE-4469-AFE0-0CEE96644AAB}.Debug|x86.ActiveCfg = Debug|Any CPU
		{F0E3E328-A7EE-4469-AFE0-0CEE96644AAB}.Debug|x86.Build.0 = Debug|Any CPU
		{F0E3E328-A7EE-4469-AFE0-0CEE96644AAB}.Release|Any CPU.ActiveCfg = Release|Any CPU
		{F0E3E328-A7EE-4469-AFE0-0CEE96644AAB}.Release|Any CPU.Build.0 = Release|Any CPU
		{F0E3E328-A7EE-4469-AFE0-0CEE96644AAB}.Release|x64.ActiveCfg = Release|Any CPU
		{F0E3E328-A7EE-4469-AFE0-0CEE96644AAB}.Release|x64.Build.0 = Release|Any CPU
		{F0E3E328-A7EE-4469-AFE0-0CEE96644AAB}.Release|x86.ActiveCfg = Release|Any CPU
		{F0E3E328-A7EE-4469-AFE0-0CEE96644AAB}.Release|x86.Build.0 = Release|Any CPU
		{6059F0BB-2107-40A4-AE0D-4D88A9EA99AE}.Debug|Any CPU.ActiveCfg = Debug|Any CPU
		{6059F0BB-2107-40A4-AE0D-4D88A9EA99AE}.Debug|Any CPU.Build.0 = Debug|Any CPU
		{6059F0BB-2107-40A4-AE0D-4D88A9EA99AE}.Debug|x64.ActiveCfg = Debug|Any CPU
		{6059F0BB-2107-40A4-AE0D-4D88A9EA99AE}.Debug|x64.Build.0 = Debug|Any CPU
		{6059F0BB-2107-40A4-AE0D-4D88A9EA99AE}.Debug|x86.ActiveCfg = Debug|Any CPU
		{6059F0BB-2107-40A4-AE0D-4D88A9EA99AE}.Debug|x86.Build.0 = Debug|Any CPU
		{6059F0BB-2107-40A4-AE0D-4D88A9EA99AE}.Release|Any CPU.ActiveCfg = Release|Any CPU
		{6059F0BB-2107-40A4-AE0D-4D88A9EA99AE}.Release|Any CPU.Build.0 = Release|Any CPU
		{6059F0BB-2107-40A4-AE0D-4D88A9EA99AE}.Release|x64.ActiveCfg = Release|Any CPU
		{6059F0BB-2107-40A4-AE0D-4D88A9EA99AE}.Release|x64.Build.0 = Release|Any CPU
		{6059F0BB-2107-40A4-AE0D-4D88A9EA99AE}.Release|x86.ActiveCfg = Release|Any CPU
		{6059F0BB-2107-40A4-AE0D-4D88A9EA99AE}.Release|x86.Build.0 = Release|Any CPU
		{A2769D3A-B6B7-4E1A-BE1A-22346BC47F36}.Debug|Any CPU.ActiveCfg = Debug|Any CPU
		{A2769D3A-B6B7-4E1A-BE1A-22346BC47F36}.Debug|Any CPU.Build.0 = Debug|Any CPU
		{A2769D3A-B6B7-4E1A-BE1A-22346BC47F36}.Debug|x64.ActiveCfg = Debug|Any CPU
		{A2769D3A-B6B7-4E1A-BE1A-22346BC47F36}.Debug|x64.Build.0 = Debug|Any CPU
		{A2769D3A-B6B7-4E1A-BE1A-22346BC47F36}.Debug|x86.ActiveCfg = Debug|Any CPU
		{A2769D3A-B6B7-4E1A-BE1A-22346BC47F36}.Debug|x86.Build.0 = Debug|Any CPU
		{A2769D3A-B6B7-4E1A-BE1A-22346BC47F36}.Release|Any CPU.ActiveCfg = Release|Any CPU
		{A2769D3A-B6B7-4E1A-BE1A-22346BC47F36}.Release|Any CPU.Build.0 = Release|Any CPU
		{A2769D3A-B6B7-4E1A-BE1A-22346BC47F36}.Release|x64.ActiveCfg = Release|Any CPU
		{A2769D3A-B6B7-4E1A-BE1A-22346BC47F36}.Release|x64.Build.0 = Release|Any CPU
		{A2769D3A-B6B7-4E1A-BE1A-22346BC47F36}.Release|x86.ActiveCfg = Release|Any CPU
		{A2769D3A-B6B7-4E1A-BE1A-22346BC47F36}.Release|x86.Build.0 = Release|Any CPU
		{0A97CC89-A66C-46B1-A026-D68DF7D2425C}.Debug|Any CPU.ActiveCfg = Debug|Any CPU
		{0A97CC89-A66C-46B1-A026-D68DF7D2425C}.Debug|Any CPU.Build.0 = Debug|Any CPU
		{0A97CC89-A66C-46B1-A026-D68DF7D2425C}.Debug|x64.ActiveCfg = Debug|Any CPU
		{0A97CC89-A66C-46B1-A026-D68DF7D2425C}.Debug|x64.Build.0 = Debug|Any CPU
		{0A97CC89-A66C-46B1-A026-D68DF7D2425C}.Debug|x86.ActiveCfg = Debug|Any CPU
		{0A97CC89-A66C-46B1-A026-D68DF7D2425C}.Debug|x86.Build.0 = Debug|Any CPU
		{0A97CC89-A66C-46B1-A026-D68DF7D2425C}.Release|Any CPU.ActiveCfg = Release|Any CPU
		{0A97CC89-A66C-46B1-A026-D68DF7D2425C}.Release|Any CPU.Build.0 = Release|Any CPU
		{0A97CC89-A66C-46B1-A026-D68DF7D2425C}.Release|x64.ActiveCfg = Release|Any CPU
		{0A97CC89-A66C-46B1-A026-D68DF7D2425C}.Release|x64.Build.0 = Release|Any CPU
		{0A97CC89-A66C-46B1-A026-D68DF7D2425C}.Release|x86.ActiveCfg = Release|Any CPU
		{0A97CC89-A66C-46B1-A026-D68DF7D2425C}.Release|x86.Build.0 = Release|Any CPU
		{337D90D3-9CC1-4222-8580-99EB3FDAF28F}.Debug|Any CPU.ActiveCfg = Debug|Any CPU
		{337D90D3-9CC1-4222-8580-99EB3FDAF28F}.Debug|Any CPU.Build.0 = Debug|Any CPU
		{337D90D3-9CC1-4222-8580-99EB3FDAF28F}.Debug|x64.ActiveCfg = Debug|Any CPU
		{337D90D3-9CC1-4222-8580-99EB3FDAF28F}.Debug|x64.Build.0 = Debug|Any CPU
		{337D90D3-9CC1-4222-8580-99EB3FDAF28F}.Debug|x86.ActiveCfg = Debug|Any CPU
		{337D90D3-9CC1-4222-8580-99EB3FDAF28F}.Debug|x86.Build.0 = Debug|Any CPU
		{337D90D3-9CC1-4222-8580-99EB3FDAF28F}.Release|Any CPU.ActiveCfg = Release|Any CPU
		{337D90D3-9CC1-4222-8580-99EB3FDAF28F}.Release|Any CPU.Build.0 = Release|Any CPU
		{337D90D3-9CC1-4222-8580-99EB3FDAF28F}.Release|x64.ActiveCfg = Release|Any CPU
		{337D90D3-9CC1-4222-8580-99EB3FDAF28F}.Release|x64.Build.0 = Release|Any CPU
		{337D90D3-9CC1-4222-8580-99EB3FDAF28F}.Release|x86.ActiveCfg = Release|Any CPU
		{337D90D3-9CC1-4222-8580-99EB3FDAF28F}.Release|x86.Build.0 = Release|Any CPU
		{B7AFBDB4-7F1A-4EB4-B80C-865C10557E44}.Debug|Any CPU.ActiveCfg = Debug|Any CPU
		{B7AFBDB4-7F1A-4EB4-B80C-865C10557E44}.Debug|Any CPU.Build.0 = Debug|Any CPU
		{B7AFBDB4-7F1A-4EB4-B80C-865C10557E44}.Debug|x64.ActiveCfg = Debug|Any CPU
		{B7AFBDB4-7F1A-4EB4-B80C-865C10557E44}.Debug|x64.Build.0 = Debug|Any CPU
		{B7AFBDB4-7F1A-4EB4-B80C-865C10557E44}.Debug|x86.ActiveCfg = Debug|Any CPU
		{B7AFBDB4-7F1A-4EB4-B80C-865C10557E44}.Debug|x86.Build.0 = Debug|Any CPU
		{B7AFBDB4-7F1A-4EB4-B80C-865C10557E44}.Release|Any CPU.ActiveCfg = Release|Any CPU
		{B7AFBDB4-7F1A-4EB4-B80C-865C10557E44}.Release|Any CPU.Build.0 = Release|Any CPU
		{B7AFBDB4-7F1A-4EB4-B80C-865C10557E44}.Release|x64.ActiveCfg = Release|Any CPU
		{B7AFBDB4-7F1A-4EB4-B80C-865C10557E44}.Release|x64.Build.0 = Release|Any CPU
		{B7AFBDB4-7F1A-4EB4-B80C-865C10557E44}.Release|x86.ActiveCfg = Release|Any CPU
		{B7AFBDB4-7F1A-4EB4-B80C-865C10557E44}.Release|x86.Build.0 = Release|Any CPU
		{F3B89AF6-2F3B-43D1-9EF0-F0017F788955}.Debug|Any CPU.ActiveCfg = Debug|Any CPU
		{F3B89AF6-2F3B-43D1-9EF0-F0017F788955}.Debug|Any CPU.Build.0 = Debug|Any CPU
		{F3B89AF6-2F3B-43D1-9EF0-F0017F788955}.Debug|x64.ActiveCfg = Debug|Any CPU
		{F3B89AF6-2F3B-43D1-9EF0-F0017F788955}.Debug|x64.Build.0 = Debug|Any CPU
		{F3B89AF6-2F3B-43D1-9EF0-F0017F788955}.Debug|x86.ActiveCfg = Debug|Any CPU
		{F3B89AF6-2F3B-43D1-9EF0-F0017F788955}.Debug|x86.Build.0 = Debug|Any CPU
		{F3B89AF6-2F3B-43D1-9EF0-F0017F788955}.Release|Any CPU.ActiveCfg = Release|Any CPU
		{F3B89AF6-2F3B-43D1-9EF0-F0017F788955}.Release|Any CPU.Build.0 = Release|Any CPU
		{F3B89AF6-2F3B-43D1-9EF0-F0017F788955}.Release|x64.ActiveCfg = Release|Any CPU
		{F3B89AF6-2F3B-43D1-9EF0-F0017F788955}.Release|x64.Build.0 = Release|Any CPU
		{F3B89AF6-2F3B-43D1-9EF0-F0017F788955}.Release|x86.ActiveCfg = Release|Any CPU
		{F3B89AF6-2F3B-43D1-9EF0-F0017F788955}.Release|x86.Build.0 = Release|Any CPU
		{EDF5AAB5-707D-481C-8C32-A4BCBF56D369}.Debug|Any CPU.ActiveCfg = Debug|Any CPU
		{EDF5AAB5-707D-481C-8C32-A4BCBF56D369}.Debug|Any CPU.Build.0 = Debug|Any CPU
		{EDF5AAB5-707D-481C-8C32-A4BCBF56D369}.Debug|x64.ActiveCfg = Debug|Any CPU
		{EDF5AAB5-707D-481C-8C32-A4BCBF56D369}.Debug|x64.Build.0 = Debug|Any CPU
		{EDF5AAB5-707D-481C-8C32-A4BCBF56D369}.Debug|x86.ActiveCfg = Debug|Any CPU
		{EDF5AAB5-707D-481C-8C32-A4BCBF56D369}.Debug|x86.Build.0 = Debug|Any CPU
		{EDF5AAB5-707D-481C-8C32-A4BCBF56D369}.Release|Any CPU.ActiveCfg = Release|Any CPU
		{EDF5AAB5-707D-481C-8C32-A4BCBF56D369}.Release|Any CPU.Build.0 = Release|Any CPU
		{EDF5AAB5-707D-481C-8C32-A4BCBF56D369}.Release|x64.ActiveCfg = Release|Any CPU
		{EDF5AAB5-707D-481C-8C32-A4BCBF56D369}.Release|x64.Build.0 = Release|Any CPU
		{EDF5AAB5-707D-481C-8C32-A4BCBF56D369}.Release|x86.ActiveCfg = Release|Any CPU
		{EDF5AAB5-707D-481C-8C32-A4BCBF56D369}.Release|x86.Build.0 = Release|Any CPU
		{74E1DF0F-1CF7-462F-97AB-E05FDFF1869F}.Debug|Any CPU.ActiveCfg = Debug|Any CPU
		{74E1DF0F-1CF7-462F-97AB-E05FDFF1869F}.Debug|Any CPU.Build.0 = Debug|Any CPU
		{74E1DF0F-1CF7-462F-97AB-E05FDFF1869F}.Debug|x64.ActiveCfg = Debug|Any CPU
		{74E1DF0F-1CF7-462F-97AB-E05FDFF1869F}.Debug|x64.Build.0 = Debug|Any CPU
		{74E1DF0F-1CF7-462F-97AB-E05FDFF1869F}.Debug|x86.ActiveCfg = Debug|Any CPU
		{74E1DF0F-1CF7-462F-97AB-E05FDFF1869F}.Debug|x86.Build.0 = Debug|Any CPU
		{74E1DF0F-1CF7-462F-97AB-E05FDFF1869F}.Release|Any CPU.ActiveCfg = Release|Any CPU
		{74E1DF0F-1CF7-462F-97AB-E05FDFF1869F}.Release|Any CPU.Build.0 = Release|Any CPU
		{74E1DF0F-1CF7-462F-97AB-E05FDFF1869F}.Release|x64.ActiveCfg = Release|Any CPU
		{74E1DF0F-1CF7-462F-97AB-E05FDFF1869F}.Release|x64.Build.0 = Release|Any CPU
		{74E1DF0F-1CF7-462F-97AB-E05FDFF1869F}.Release|x86.ActiveCfg = Release|Any CPU
		{74E1DF0F-1CF7-462F-97AB-E05FDFF1869F}.Release|x86.Build.0 = Release|Any CPU
	EndGlobalSection
	GlobalSection(SolutionProperties) = preSolution
		HideSolutionNode = FALSE
	EndGlobalSection
	GlobalSection(NestedProjects) = preSolution
		{A720A826-C3BD-B359-CB79-346E7B34B3F2} = {827E0CD3-B72D-47B6-A68D-7590B98EB39B}
		{0D8D46F1-1133-C371-1970-8173E9CEF544} = {A720A826-C3BD-B359-CB79-346E7B34B3F2}
		{F0E3E328-A7EE-4469-AFE0-0CEE96644AAB} = {0D8D46F1-1133-C371-1970-8173E9CEF544}
		{6D5F53C7-A68D-E5B2-9430-6EE5DA66C500} = {A720A826-C3BD-B359-CB79-346E7B34B3F2}
		{6059F0BB-2107-40A4-AE0D-4D88A9EA99AE} = {6D5F53C7-A68D-E5B2-9430-6EE5DA66C500}
		{A2769D3A-B6B7-4E1A-BE1A-22346BC47F36} = {6D5F53C7-A68D-E5B2-9430-6EE5DA66C500}
		{CFAF8EB2-1F64-5A2C-C695-D784EC7C28F0} = {A720A826-C3BD-B359-CB79-346E7B34B3F2}
		{0A97CC89-A66C-46B1-A026-D68DF7D2425C} = {CFAF8EB2-1F64-5A2C-C695-D784EC7C28F0}
		{9EB79D38-8C33-62F4-1F98-11B2E8DA114B} = {A720A826-C3BD-B359-CB79-346E7B34B3F2}
		{337D90D3-9CC1-4222-8580-99EB3FDAF28F} = {9EB79D38-8C33-62F4-1F98-11B2E8DA114B}
		{71BC23A4-EB26-687A-8298-96781B304D7F} = {A720A826-C3BD-B359-CB79-346E7B34B3F2}
		{B7AFBDB4-7F1A-4EB4-B80C-865C10557E44} = {71BC23A4-EB26-687A-8298-96781B304D7F}
		{F3B89AF6-2F3B-43D1-9EF0-F0017F788955} = {71BC23A4-EB26-687A-8298-96781B304D7F}
		{EDF5AAB5-707D-481C-8C32-A4BCBF56D369} = {71BC23A4-EB26-687A-8298-96781B304D7F}
		{862FED52-8BDB-50BC-2698-5ECF47AD0248} = {A720A826-C3BD-B359-CB79-346E7B34B3F2}
		{74E1DF0F-1CF7-462F-97AB-E05FDFF1869F} = {862FED52-8BDB-50BC-2698-5ECF47AD0248}
	EndGlobalSection
EndGlobal
