
Microsoft Visual Studio Solution File, Format Version 12.00
# Visual Studio Version 17
VisualStudioVersion = 17.10.35004.147
MinimumVisualStudioVersion = 10.0.40219.1
Project("{FAE04EC0-301F-11D3-BF4B-00C04F79EFBC}") = "API_bacup_server", "API_bacup_server\API_bacup_server.csproj", "{8EF017CB-C646-45B9-85E4-AAC2C4A0FB21}"
EndProject
Global
	GlobalSection(SolutionConfigurationPlatforms) = preSolution
		Debug|Any CPU = Debug|Any CPU
		Release|Any CPU = Release|Any CPU
	EndGlobalSection
	GlobalSection(ProjectConfigurationPlatforms) = postSolution
		{8EF017CB-C646-45B9-85E4-AAC2C4A0FB21}.Debug|Any CPU.ActiveCfg = Debug|Any CPU
		{8EF017CB-C646-45B9-85E4-AAC2C4A0FB21}.Debug|Any CPU.Build.0 = Debug|Any CPU
		{8EF017CB-C646-45B9-85E4-AAC2C4A0FB21}.Release|Any CPU.ActiveCfg = Release|Any CPU
		{8EF017CB-C646-45B9-85E4-AAC2C4A0FB21}.Release|Any CPU.Build.0 = Release|Any CPU
	EndGlobalSection
	GlobalSection(SolutionProperties) = preSolution
		HideSolutionNode = FALSE
	EndGlobalSection
	GlobalSection(ExtensibilityGlobals) = postSolution
		SolutionGuid = {237A629A-7973-4679-847A-B19CE077F35F}
	EndGlobalSection
EndGlobal
