
Microsoft Visual Studio Solution File, Format Version 12.00
# Visual Studio Version 17
VisualStudioVersion = 17.10.35004.147
MinimumVisualStudioVersion = 10.0.40219.1
Project("{9A19103F-16F7-4668-BE54-9A1E7A4F7556}") = "Cart_Tranzit_API", "Cart_Tranzit_API\Cart_Tranzit_API.csproj", "{75FF119B-DCF7-46E8-BD5F-B5D60209812A}"
	ProjectSection(ProjectDependencies) = postProject
		{8806FC57-FD60-4880-A9BC-18587DEBD274} = {8806FC57-FD60-4880-A9BC-18587DEBD274}
	EndProjectSection
EndProject
Project("{9A19103F-16F7-4668-BE54-9A1E7A4F7556}") = "ConfigLibrary", "..\ConfigLibrary\ConfigLibrary.csproj", "{8806FC57-FD60-4880-A9BC-18587DEBD274}"
EndProject
Global
	GlobalSection(SolutionConfigurationPlatforms) = preSolution
		Debug|Any CPU = Debug|Any CPU
		Release|Any CPU = Release|Any CPU
	EndGlobalSection
	GlobalSection(ProjectConfigurationPlatforms) = postSolution
		{75FF119B-DCF7-46E8-BD5F-B5D60209812A}.Debug|Any CPU.ActiveCfg = Debug|Any CPU
		{75FF119B-DCF7-46E8-BD5F-B5D60209812A}.Debug|Any CPU.Build.0 = Debug|Any CPU
		{75FF119B-DCF7-46E8-BD5F-B5D60209812A}.Release|Any CPU.ActiveCfg = Release|Any CPU
		{75FF119B-DCF7-46E8-BD5F-B5D60209812A}.Release|Any CPU.Build.0 = Release|Any CPU
		{8806FC57-FD60-4880-A9BC-18587DEBD274}.Debug|Any CPU.ActiveCfg = Debug|Any CPU
		{8806FC57-FD60-4880-A9BC-18587DEBD274}.Debug|Any CPU.Build.0 = Debug|Any CPU
		{8806FC57-FD60-4880-A9BC-18587DEBD274}.Release|Any CPU.ActiveCfg = Release|Any CPU
		{8806FC57-FD60-4880-A9BC-18587DEBD274}.Release|Any CPU.Build.0 = Release|Any CPU
	EndGlobalSection
	GlobalSection(SolutionProperties) = preSolution
		HideSolutionNode = FALSE
	EndGlobalSection
	GlobalSection(ExtensibilityGlobals) = postSolution
		SolutionGuid = {7AC2A09C-588E-46D5-A964-253EFCB16CB8}
	EndGlobalSection
EndGlobal
