
Microsoft Visual Studio Solution File, Format Version 12.00
# Visual Studio Version 17
VisualStudioVersion = 17.10.35004.147
MinimumVisualStudioVersion = 10.0.40219.1
Project("{9A19103F-16F7-4668-BE54-9A1E7A4F7556}") = "CounterLibrary", "CounterLibrary.csproj", "{6003B392-A371-4DE8-BFD2-87417DBDA842}"
EndProject
Global
	GlobalSection(SolutionConfigurationPlatforms) = preSolution
		Debug|Any CPU = Debug|Any CPU
		Release|Any CPU = Release|Any CPU
	EndGlobalSection
	GlobalSection(ProjectConfigurationPlatforms) = postSolution
		{6003B392-A371-4DE8-BFD2-87417DBDA842}.Debug|Any CPU.ActiveCfg = Debug|Any CPU
		{6003B392-A371-4DE8-BFD2-87417DBDA842}.Debug|Any CPU.Build.0 = Debug|Any CPU
		{6003B392-A371-4DE8-BFD2-87417DBDA842}.Release|Any CPU.ActiveCfg = Release|Any CPU
		{6003B392-A371-4DE8-BFD2-87417DBDA842}.Release|Any CPU.Build.0 = Release|Any CPU
	EndGlobalSection
	GlobalSection(SolutionProperties) = preSolution
		HideSolutionNode = FALSE
	EndGlobalSection
	GlobalSection(ExtensibilityGlobals) = postSolution
		SolutionGuid = {85F23091-1E21-4172-A40F-18EAB5586DE8}
	EndGlobalSection
EndGlobal
