
Microsoft Visual Studio Solution File, Format Version 12.00
# Visual Studio Version 17
VisualStudioVersion = 17.10.35004.147
MinimumVisualStudioVersion = 10.0.40219.1
Project("{9A19103F-16F7-4668-BE54-9A1E7A4F7556}") = "API_Tranzit_Interface", "API_Tranzit_Interface\API_Tranzit_Interface.csproj", "{EB5CE210-158C-4EB4-902F-98351DEEF0E7}"
	ProjectSection(ProjectDependencies) = postProject
		{5D5D2034-C637-4FE7-BC2B-FF6918216618} = {5D5D2034-C637-4FE7-BC2B-FF6918216618}
	EndProjectSection
EndProject
Project("{9A19103F-16F7-4668-BE54-9A1E7A4F7556}") = "MyLibrary", "..\MyLibrary\MyLibrary.csproj", "{DC8B68C6-4539-49FE-9ED9-47232E4ADA0C}"
	ProjectSection(ProjectDependencies) = postProject
		{5D5D2034-C637-4FE7-BC2B-FF6918216618} = {5D5D2034-C637-4FE7-BC2B-FF6918216618}
	EndProjectSection
EndProject
Project("{9A19103F-16F7-4668-BE54-9A1E7A4F7556}") = "CounterLibrary", "..\..\..\CounterLibrary\CounterLibrary.csproj", "{5D5D2034-C637-4FE7-BC2B-FF6918216618}"
EndProject
Project("{9A19103F-16F7-4668-BE54-9A1E7A4F7556}") = "ConfigLibrary", "..\ConfigLibrary\ConfigLibrary.csproj", "{E7DFDA05-3D0C-44D5-BF60-29AACB4DCB2D}"
EndProject
Global
	GlobalSection(SolutionConfigurationPlatforms) = preSolution
		Debug|Any CPU = Debug|Any CPU
		Release|Any CPU = Release|Any CPU
	EndGlobalSection
	GlobalSection(ProjectConfigurationPlatforms) = postSolution
		{EB5CE210-158C-4EB4-902F-98351DEEF0E7}.Debug|Any CPU.ActiveCfg = Debug|Any CPU
		{EB5CE210-158C-4EB4-902F-98351DEEF0E7}.Debug|Any CPU.Build.0 = Debug|Any CPU
		{EB5CE210-158C-4EB4-902F-98351DEEF0E7}.Release|Any CPU.ActiveCfg = Release|Any CPU
		{EB5CE210-158C-4EB4-902F-98351DEEF0E7}.Release|Any CPU.Build.0 = Release|Any CPU
		{DC8B68C6-4539-49FE-9ED9-47232E4ADA0C}.Debug|Any CPU.ActiveCfg = Debug|Any CPU
		{DC8B68C6-4539-49FE-9ED9-47232E4ADA0C}.Debug|Any CPU.Build.0 = Debug|Any CPU
		{DC8B68C6-4539-49FE-9ED9-47232E4ADA0C}.Release|Any CPU.ActiveCfg = Release|Any CPU
		{DC8B68C6-4539-49FE-9ED9-47232E4ADA0C}.Release|Any CPU.Build.0 = Release|Any CPU
		{5D5D2034-C637-4FE7-BC2B-FF6918216618}.Debug|Any CPU.ActiveCfg = Debug|Any CPU
		{5D5D2034-C637-4FE7-BC2B-FF6918216618}.Debug|Any CPU.Build.0 = Debug|Any CPU
		{5D5D2034-C637-4FE7-BC2B-FF6918216618}.Release|Any CPU.ActiveCfg = Release|Any CPU
		{5D5D2034-C637-4FE7-BC2B-FF6918216618}.Release|Any CPU.Build.0 = Release|Any CPU
		{E7DFDA05-3D0C-44D5-BF60-29AACB4DCB2D}.Debug|Any CPU.ActiveCfg = Debug|Any CPU
		{E7DFDA05-3D0C-44D5-BF60-29AACB4DCB2D}.Debug|Any CPU.Build.0 = Debug|Any CPU
		{E7DFDA05-3D0C-44D5-BF60-29AACB4DCB2D}.Release|Any CPU.ActiveCfg = Release|Any CPU
		{E7DFDA05-3D0C-44D5-BF60-29AACB4DCB2D}.Release|Any CPU.Build.0 = Release|Any CPU
	EndGlobalSection
	GlobalSection(SolutionProperties) = preSolution
		HideSolutionNode = FALSE
	EndGlobalSection
	GlobalSection(ExtensibilityGlobals) = postSolution
		SolutionGuid = {043E9248-3617-499D-9AF7-C6AEB3A7449A}
	EndGlobalSection
EndGlobal
