
Microsoft Visual Studio Solution File, Format Version 12.00
# Visual Studio Version 17
VisualStudioVersion = 17.10.35004.147
MinimumVisualStudioVersion = 10.0.40219.1
Project("{9A19103F-16F7-4668-BE54-9A1E7A4F7556}") = "MyLibrary", "MyLibrary.csproj", "{BD1E0E8C-9B84-4586-A5DF-6D3FF4746BD9}"
EndProject
Global
	GlobalSection(SolutionConfigurationPlatforms) = preSolution
		Debug|Any CPU = Debug|Any CPU
		Release|Any CPU = Release|Any CPU
	EndGlobalSection
	GlobalSection(ProjectConfigurationPlatforms) = postSolution
		{BD1E0E8C-9B84-4586-A5DF-6D3FF4746BD9}.Debug|Any CPU.ActiveCfg = Debug|Any CPU
		{BD1E0E8C-9B84-4586-A5DF-6D3FF4746BD9}.Debug|Any CPU.Build.0 = Debug|Any CPU
		{BD1E0E8C-9B84-4586-A5DF-6D3FF4746BD9}.Release|Any CPU.ActiveCfg = Release|Any CPU
		{BD1E0E8C-9B84-4586-A5DF-6D3FF4746BD9}.Release|Any CPU.Build.0 = Release|Any CPU
	EndGlobalSection
	GlobalSection(SolutionProperties) = preSolution
		HideSolutionNode = FALSE
	EndGlobalSection
	GlobalSection(ExtensibilityGlobals) = postSolution
		SolutionGuid = {486D1547-80C3-4ED8-88E7-4FB2B751F74D}
	EndGlobalSection
EndGlobal
